
Microsoft Visual Studio Solution File, Format Version 12.00
# Visual Studio Version 16
VisualStudioVersion = 16.0.29613.14
MinimumVisualStudioVersion = 10.0.40219.1
Project("{FAE04EC0-301F-11D3-BF4B-00C04F79EFBC}") = "ConsoleUI", "ConsoleUI\ConsoleUI.csproj", "{E24E204E-5218-4C18-948B-00F661263550}"
EndProject
Project("{FAE04EC0-301F-11D3-BF4B-00C04F79EFBC}") = "FunctionalityLibrary", "FunctionalityLibrary\FunctionalityLibrary.csproj", "{D0C3A8B1-D5E5-4A58-8C0B-FAF2843A1C81}"
EndProject
Project("{FAE04EC0-301F-11D3-BF4B-00C04F79EFBC}") = "StoreTests", "StoreTests\StoreTests.csproj", "{1A277A3F-A792-491F-BB7B-426080D72E05}"
EndProject
Global
	GlobalSection(SolutionConfigurationPlatforms) = preSolution
		Debug|Any CPU = Debug|Any CPU
		Release|Any CPU = Release|Any CPU
	EndGlobalSection
	GlobalSection(ProjectConfigurationPlatforms) = postSolution
		{E24E204E-5218-4C18-948B-00F661263550}.Debug|Any CPU.ActiveCfg = Debug|Any CPU
		{E24E204E-5218-4C18-948B-00F661263550}.Debug|Any CPU.Build.0 = Debug|Any CPU
		{E24E204E-5218-4C18-948B-00F661263550}.Release|Any CPU.ActiveCfg = Release|Any CPU
		{E24E204E-5218-4C18-948B-00F661263550}.Release|Any CPU.Build.0 = Release|Any CPU
		{D0C3A8B1-D5E5-4A58-8C0B-FAF2843A1C81}.Debug|Any CPU.ActiveCfg = Debug|Any CPU
		{D0C3A8B1-D5E5-4A58-8C0B-FAF2843A1C81}.Debug|Any CPU.Build.0 = Debug|Any CPU
		{D0C3A8B1-D5E5-4A58-8C0B-FAF2843A1C81}.Release|Any CPU.ActiveCfg = Release|Any CPU
		{D0C3A8B1-D5E5-4A58-8C0B-FAF2843A1C81}.Release|Any CPU.Build.0 = Release|Any CPU
		{1A277A3F-A792-491F-BB7B-426080D72E05}.Debug|Any CPU.ActiveCfg = Debug|Any CPU
		{1A277A3F-A792-491F-BB7B-426080D72E05}.Debug|Any CPU.Build.0 = Debug|Any CPU
		{1A277A3F-A792-491F-BB7B-426080D72E05}.Release|Any CPU.ActiveCfg = Release|Any CPU
		{1A277A3F-A792-491F-BB7B-426080D72E05}.Release|Any CPU.Build.0 = Release|Any CPU
	EndGlobalSection
	GlobalSection(SolutionProperties) = preSolution
		HideSolutionNode = FALSE
	EndGlobalSection
	GlobalSection(ExtensibilityGlobals) = postSolution
		SolutionGuid = {15379879-53A0-44F5-8672-E91AD55E5AE5}
	EndGlobalSection
EndGlobal
